
Microsoft Visual Studio Solution File, Format Version 12.00
# Visual Studio 15
VisualStudioVersion = 15.0.27004.2009
MinimumVisualStudioVersion = 10.0.40219.1
Project("{FAE04EC0-301F-11D3-BF4B-00C04F79EFBC}") = "B4.PE3.DellobelI.Android", "B4.PE3.DellobelI\B4.PE3.DellobelI.Android\B4.PE3.DellobelI.Android.csproj", "{B224B687-3FDA-4FB6-8A30-81BD9D777793}"
EndProject
Project("{FAE04EC0-301F-11D3-BF4B-00C04F79EFBC}") = "B4.PE3.DellobelI", "B4.PE3.DellobelI\B4.PE3.DellobelI\B4.PE3.DellobelI.csproj", "{5AB48469-AFD8-4E6F-80A7-EC44F45A69DF}"
EndProject
Project("{FAE04EC0-301F-11D3-BF4B-00C04F79EFBC}") = "B4.PE3.DellobelI.UWP", "B4.PE3.DellobelI\B4.PE3.DellobelI.UWP\B4.PE3.DellobelI.UWP.csproj", "{53F77A73-AC81-4B97-94B0-AF63BC98D344}"
EndProject
Project("{FAE04EC0-301F-11D3-BF4B-00C04F79EFBC}") = "B4.PE3.DellobelI.iOS", "B4.PE3.DellobelI\B4.PE3.DellobelI.iOS\B4.PE3.DellobelI.iOS.csproj", "{24A76630-E77A-4540-AAF7-D202DEC2B3B7}"
EndProject
Global
	GlobalSection(SolutionConfigurationPlatforms) = preSolution
		Ad-Hoc|Any CPU = Ad-Hoc|Any CPU
		Ad-Hoc|ARM = Ad-Hoc|ARM
		Ad-Hoc|iPhone = Ad-Hoc|iPhone
		Ad-Hoc|iPhoneSimulator = Ad-Hoc|iPhoneSimulator
		Ad-Hoc|x64 = Ad-Hoc|x64
		Ad-Hoc|x86 = Ad-Hoc|x86
		AppStore|Any CPU = AppStore|Any CPU
		AppStore|ARM = AppStore|ARM
		AppStore|iPhone = AppStore|iPhone
		AppStore|iPhoneSimulator = AppStore|iPhoneSimulator
		AppStore|x64 = AppStore|x64
		AppStore|x86 = AppStore|x86
		Debug|Any CPU = Debug|Any CPU
		Debug|ARM = Debug|ARM
		Debug|iPhone = Debug|iPhone
		Debug|iPhoneSimulator = Debug|iPhoneSimulator
		Debug|x64 = Debug|x64
		Debug|x86 = Debug|x86
		Release|Any CPU = Release|Any CPU
		Release|ARM = Release|ARM
		Release|iPhone = Release|iPhone
		Release|iPhoneSimulator = Release|iPhoneSimulator
		Release|x64 = Release|x64
		Release|x86 = Release|x86
	EndGlobalSection
	GlobalSection(ProjectConfigurationPlatforms) = postSolution
		{B224B687-3FDA-4FB6-8A30-81BD9D777793}.Ad-Hoc|Any CPU.ActiveCfg = Release|Any CPU
		{B224B687-3FDA-4FB6-8A30-81BD9D777793}.Ad-Hoc|Any CPU.Build.0 = Release|Any CPU
		{B224B687-3FDA-4FB6-8A30-81BD9D777793}.Ad-Hoc|Any CPU.Deploy.0 = Release|Any CPU
		{B224B687-3FDA-4FB6-8A30-81BD9D777793}.Ad-Hoc|ARM.ActiveCfg = Release|Any CPU
		{B224B687-3FDA-4FB6-8A30-81BD9D777793}.Ad-Hoc|ARM.Build.0 = Release|Any CPU
		{B224B687-3FDA-4FB6-8A30-81BD9D777793}.Ad-Hoc|ARM.Deploy.0 = Release|Any CPU
		{B224B687-3FDA-4FB6-8A30-81BD9D777793}.Ad-Hoc|iPhone.ActiveCfg = Release|Any CPU
		{B224B687-3FDA-4FB6-8A30-81BD9D777793}.Ad-Hoc|iPhone.Build.0 = Release|Any CPU
		{B224B687-3FDA-4FB6-8A30-81BD9D777793}.Ad-Hoc|iPhone.Deploy.0 = Release|Any CPU
		{B224B687-3FDA-4FB6-8A30-81BD9D777793}.Ad-Hoc|iPhoneSimulator.ActiveCfg = Release|Any CPU
		{B224B687-3FDA-4FB6-8A30-81BD9D777793}.Ad-Hoc|iPhoneSimulator.Build.0 = Release|Any CPU
		{B224B687-3FDA-4FB6-8A30-81BD9D777793}.Ad-Hoc|iPhoneSimulator.Deploy.0 = Release|Any CPU
		{B224B687-3FDA-4FB6-8A30-81BD9D777793}.Ad-Hoc|x64.ActiveCfg = Release|Any CPU
		{B224B687-3FDA-4FB6-8A30-81BD9D777793}.Ad-Hoc|x64.Build.0 = Release|Any CPU
		{B224B687-3FDA-4FB6-8A30-81BD9D777793}.Ad-Hoc|x64.Deploy.0 = Release|Any CPU
		{B224B687-3FDA-4FB6-8A30-81BD9D777793}.Ad-Hoc|x86.ActiveCfg = Release|Any CPU
		{B224B687-3FDA-4FB6-8A30-81BD9D777793}.Ad-Hoc|x86.Build.0 = Release|Any CPU
		{B224B687-3FDA-4FB6-8A30-81BD9D777793}.Ad-Hoc|x86.Deploy.0 = Release|Any CPU
		{B224B687-3FDA-4FB6-8A30-81BD9D777793}.AppStore|Any CPU.ActiveCfg = Release|Any CPU
		{B224B687-3FDA-4FB6-8A30-81BD9D777793}.AppStore|Any CPU.Build.0 = Release|Any CPU
		{B224B687-3FDA-4FB6-8A30-81BD9D777793}.AppStore|Any CPU.Deploy.0 = Release|Any CPU
		{B224B687-3FDA-4FB6-8A30-81BD9D777793}.AppStore|ARM.ActiveCfg = Release|Any CPU
		{B224B687-3FDA-4FB6-8A30-81BD9D777793}.AppStore|ARM.Build.0 = Release|Any CPU
		{B224B687-3FDA-4FB6-8A30-81BD9D777793}.AppStore|ARM.Deploy.0 = Release|Any CPU
		{B224B687-3FDA-4FB6-8A30-81BD9D777793}.AppStore|iPhone.ActiveCfg = Release|Any CPU
		{B224B687-3FDA-4FB6-8A30-81BD9D777793}.AppStore|iPhone.Build.0 = Release|Any CPU
		{B224B687-3FDA-4FB6-8A30-81BD9D777793}.AppStore|iPhone.Deploy.0 = Release|Any CPU
		{B224B687-3FDA-4FB6-8A30-81BD9D777793}.AppStore|iPhoneSimulator.ActiveCfg = Release|Any CPU
		{B224B687-3FDA-4FB6-8A30-81BD9D777793}.AppStore|iPhoneSimulator.Build.0 = Release|Any CPU
		{B224B687-3FDA-4FB6-8A30-81BD9D777793}.AppStore|iPhoneSimulator.Deploy.0 = Release|Any CPU
		{B224B687-3FDA-4FB6-8A30-81BD9D777793}.AppStore|x64.ActiveCfg = Release|Any CPU
		{B224B687-3FDA-4FB6-8A30-81BD9D777793}.AppStore|x64.Build.0 = Release|Any CPU
		{B224B687-3FDA-4FB6-8A30-81BD9D777793}.AppStore|x64.Deploy.0 = Release|Any CPU
		{B224B687-3FDA-4FB6-8A30-81BD9D777793}.AppStore|x86.ActiveCfg = Release|Any CPU
		{B224B687-3FDA-4FB6-8A30-81BD9D777793}.AppStore|x86.Build.0 = Release|Any CPU
		{B224B687-3FDA-4FB6-8A30-81BD9D777793}.AppStore|x86.Deploy.0 = Release|Any CPU
		{B224B687-3FDA-4FB6-8A30-81BD9D777793}.Debug|Any CPU.ActiveCfg = Debug|Any CPU
		{B224B687-3FDA-4FB6-8A30-81BD9D777793}.Debug|Any CPU.Build.0 = Debug|Any CPU
		{B224B687-3FDA-4FB6-8A30-81BD9D777793}.Debug|Any CPU.Deploy.0 = Debug|Any CPU
		{B224B687-3FDA-4FB6-8A30-81BD9D777793}.Debug|ARM.ActiveCfg = Debug|Any CPU
		{B224B687-3FDA-4FB6-8A30-81BD9D777793}.Debug|ARM.Build.0 = Debug|Any CPU
		{B224B687-3FDA-4FB6-8A30-81BD9D777793}.Debug|ARM.Deploy.0 = Debug|Any CPU
		{B224B687-3FDA-4FB6-8A30-81BD9D777793}.Debug|iPhone.ActiveCfg = Debug|Any CPU
		{B224B687-3FDA-4FB6-8A30-81BD9D777793}.Debug|iPhone.Build.0 = Debug|Any CPU
		{B224B687-3FDA-4FB6-8A30-81BD9D777793}.Debug|iPhone.Deploy.0 = Debug|Any CPU
		{B224B687-3FDA-4FB6-8A30-81BD9D777793}.Debug|iPhoneSimulator.ActiveCfg = Debug|Any CPU
		{B224B687-3FDA-4FB6-8A30-81BD9D777793}.Debug|iPhoneSimulator.Build.0 = Debug|Any CPU
		{B224B687-3FDA-4FB6-8A30-81BD9D777793}.Debug|iPhoneSimulator.Deploy.0 = Debug|Any CPU
		{B224B687-3FDA-4FB6-8A30-81BD9D777793}.Debug|x64.ActiveCfg = Debug|Any CPU
		{B224B687-3FDA-4FB6-8A30-81BD9D777793}.Debug|x64.Build.0 = Debug|Any CPU
		{B224B687-3FDA-4FB6-8A30-81BD9D777793}.Debug|x64.Deploy.0 = Debug|Any CPU
		{B224B687-3FDA-4FB6-8A30-81BD9D777793}.Debug|x86.ActiveCfg = Debug|Any CPU
		{B224B687-3FDA-4FB6-8A30-81BD9D777793}.Debug|x86.Build.0 = Debug|Any CPU
		{B224B687-3FDA-4FB6-8A30-81BD9D777793}.Debug|x86.Deploy.0 = Debug|Any CPU
		{B224B687-3FDA-4FB6-8A30-81BD9D777793}.Release|Any CPU.ActiveCfg = Release|Any CPU
		{B224B687-3FDA-4FB6-8A30-81BD9D777793}.Release|Any CPU.Build.0 = Release|Any CPU
		{B224B687-3FDA-4FB6-8A30-81BD9D777793}.Release|Any CPU.Deploy.0 = Release|Any CPU
		{B224B687-3FDA-4FB6-8A30-81BD9D777793}.Release|ARM.ActiveCfg = Release|Any CPU
		{B224B687-3FDA-4FB6-8A30-81BD9D777793}.Release|ARM.Build.0 = Release|Any CPU
		{B224B687-3FDA-4FB6-8A30-81BD9D777793}.Release|ARM.Deploy.0 = Release|Any CPU
		{B224B687-3FDA-4FB6-8A30-81BD9D777793}.Release|iPhone.ActiveCfg = Release|Any CPU
		{B224B687-3FDA-4FB6-8A30-81BD9D777793}.Release|iPhone.Build.0 = Release|Any CPU
		{B224B687-3FDA-4FB6-8A30-81BD9D777793}.Release|iPhone.Deploy.0 = Release|Any CPU
		{B224B687-3FDA-4FB6-8A30-81BD9D777793}.Release|iPhoneSimulator.ActiveCfg = Release|Any CPU
		{B224B687-3FDA-4FB6-8A30-81BD9D777793}.Release|iPhoneSimulator.Build.0 = Release|Any CPU
		{B224B687-3FDA-4FB6-8A30-81BD9D777793}.Release|iPhoneSimulator.Deploy.0 = Release|Any CPU
		{B224B687-3FDA-4FB6-8A30-81BD9D777793}.Release|x64.ActiveCfg = Release|Any CPU
		{B224B687-3FDA-4FB6-8A30-81BD9D777793}.Release|x64.Build.0 = Release|Any CPU
		{B224B687-3FDA-4FB6-8A30-81BD9D777793}.Release|x64.Deploy.0 = Release|Any CPU
		{B224B687-3FDA-4FB6-8A30-81BD9D777793}.Release|x86.ActiveCfg = Release|Any CPU
		{B224B687-3FDA-4FB6-8A30-81BD9D777793}.Release|x86.Build.0 = Release|Any CPU
		{B224B687-3FDA-4FB6-8A30-81BD9D777793}.Release|x86.Deploy.0 = Release|Any CPU
		{5AB48469-AFD8-4E6F-80A7-EC44F45A69DF}.Ad-Hoc|Any CPU.ActiveCfg = Release|Any CPU
		{5AB48469-AFD8-4E6F-80A7-EC44F45A69DF}.Ad-Hoc|Any CPU.Build.0 = Release|Any CPU
		{5AB48469-AFD8-4E6F-80A7-EC44F45A69DF}.Ad-Hoc|ARM.ActiveCfg = Release|Any CPU
		{5AB48469-AFD8-4E6F-80A7-EC44F45A69DF}.Ad-Hoc|ARM.Build.0 = Release|Any CPU
		{5AB48469-AFD8-4E6F-80A7-EC44F45A69DF}.Ad-Hoc|iPhone.ActiveCfg = Release|Any CPU
		{5AB48469-AFD8-4E6F-80A7-EC44F45A69DF}.Ad-Hoc|iPhone.Build.0 = Release|Any CPU
		{5AB48469-AFD8-4E6F-80A7-EC44F45A69DF}.Ad-Hoc|iPhoneSimulator.ActiveCfg = Release|Any CPU
		{5AB48469-AFD8-4E6F-80A7-EC44F45A69DF}.Ad-Hoc|iPhoneSimulator.Build.0 = Release|Any CPU
		{5AB48469-AFD8-4E6F-80A7-EC44F45A69DF}.Ad-Hoc|x64.ActiveCfg = Release|Any CPU
		{5AB48469-AFD8-4E6F-80A7-EC44F45A69DF}.Ad-Hoc|x64.Build.0 = Release|Any CPU
		{5AB48469-AFD8-4E6F-80A7-EC44F45A69DF}.Ad-Hoc|x86.ActiveCfg = Release|Any CPU
		{5AB48469-AFD8-4E6F-80A7-EC44F45A69DF}.Ad-Hoc|x86.Build.0 = Release|Any CPU
		{5AB48469-AFD8-4E6F-80A7-EC44F45A69DF}.AppStore|Any CPU.ActiveCfg = Release|Any CPU
		{5AB48469-AFD8-4E6F-80A7-EC44F45A69DF}.AppStore|Any CPU.Build.0 = Release|Any CPU
		{5AB48469-AFD8-4E6F-80A7-EC44F45A69DF}.AppStore|ARM.ActiveCfg = Release|Any CPU
		{5AB48469-AFD8-4E6F-80A7-EC44F45A69DF}.AppStore|ARM.Build.0 = Release|Any CPU
		{5AB48469-AFD8-4E6F-80A7-EC44F45A69DF}.AppStore|iPhone.ActiveCfg = Release|Any CPU
		{5AB48469-AFD8-4E6F-80A7-EC44F45A69DF}.AppStore|iPhone.Build.0 = Release|Any CPU
		{5AB48469-AFD8-4E6F-80A7-EC44F45A69DF}.AppStore|iPhoneSimulator.ActiveCfg = Release|Any CPU
		{5AB48469-AFD8-4E6F-80A7-EC44F45A69DF}.AppStore|iPhoneSimulator.Build.0 = Release|Any CPU
		{5AB48469-AFD8-4E6F-80A7-EC44F45A69DF}.AppStore|x64.ActiveCfg = Release|Any CPU
		{5AB48469-AFD8-4E6F-80A7-EC44F45A69DF}.AppStore|x64.Build.0 = Release|Any CPU
		{5AB48469-AFD8-4E6F-80A7-EC44F45A69DF}.AppStore|x86.ActiveCfg = Release|Any CPU
		{5AB48469-AFD8-4E6F-80A7-EC44F45A69DF}.AppStore|x86.Build.0 = Release|Any CPU
		{5AB48469-AFD8-4E6F-80A7-EC44F45A69DF}.Debug|Any CPU.ActiveCfg = Debug|Any CPU
		{5AB48469-AFD8-4E6F-80A7-EC44F45A69DF}.Debug|Any CPU.Build.0 = Debug|Any CPU
		{5AB48469-AFD8-4E6F-80A7-EC44F45A69DF}.Debug|ARM.ActiveCfg = Debug|Any CPU
		{5AB48469-AFD8-4E6F-80A7-EC44F45A69DF}.Debug|ARM.Build.0 = Debug|Any CPU
		{5AB48469-AFD8-4E6F-80A7-EC44F45A69DF}.Debug|iPhone.ActiveCfg = Debug|Any CPU
		{5AB48469-AFD8-4E6F-80A7-EC44F45A69DF}.Debug|iPhone.Build.0 = Debug|Any CPU
		{5AB48469-AFD8-4E6F-80A7-EC44F45A69DF}.Debug|iPhoneSimulator.ActiveCfg = Debug|Any CPU
		{5AB48469-AFD8-4E6F-80A7-EC44F45A69DF}.Debug|iPhoneSimulator.Build.0 = Debug|Any CPU
		{5AB48469-AFD8-4E6F-80A7-EC44F45A69DF}.Debug|x64.ActiveCfg = Debug|Any CPU
		{5AB48469-AFD8-4E6F-80A7-EC44F45A69DF}.Debug|x64.Build.0 = Debug|Any CPU
		{5AB48469-AFD8-4E6F-80A7-EC44F45A69DF}.Debug|x86.ActiveCfg = Debug|Any CPU
		{5AB48469-AFD8-4E6F-80A7-EC44F45A69DF}.Debug|x86.Build.0 = Debug|Any CPU
		{5AB48469-AFD8-4E6F-80A7-EC44F45A69DF}.Release|Any CPU.ActiveCfg = Release|Any CPU
		{5AB48469-AFD8-4E6F-80A7-EC44F45A69DF}.Release|Any CPU.Build.0 = Release|Any CPU
		{5AB48469-AFD8-4E6F-80A7-EC44F45A69DF}.Release|ARM.ActiveCfg = Release|Any CPU
		{5AB48469-AFD8-4E6F-80A7-EC44F45A69DF}.Release|ARM.Build.0 = Release|Any CPU
		{5AB48469-AFD8-4E6F-80A7-EC44F45A69DF}.Release|iPhone.ActiveCfg = Release|Any CPU
		{5AB48469-AFD8-4E6F-80A7-EC44F45A69DF}.Release|iPhone.Build.0 = Release|Any CPU
		{5AB48469-AFD8-4E6F-80A7-EC44F45A69DF}.Release|iPhoneSimulator.ActiveCfg = Release|Any CPU
		{5AB48469-AFD8-4E6F-80A7-EC44F45A69DF}.Release|iPhoneSimulator.Build.0 = Release|Any CPU
		{5AB48469-AFD8-4E6F-80A7-EC44F45A69DF}.Release|x64.ActiveCfg = Release|Any CPU
		{5AB48469-AFD8-4E6F-80A7-EC44F45A69DF}.Release|x64.Build.0 = Release|Any CPU
		{5AB48469-AFD8-4E6F-80A7-EC44F45A69DF}.Release|x86.ActiveCfg = Release|Any CPU
		{5AB48469-AFD8-4E6F-80A7-EC44F45A69DF}.Release|x86.Build.0 = Release|Any CPU
		{53F77A73-AC81-4B97-94B0-AF63BC98D344}.Ad-Hoc|Any CPU.ActiveCfg = Release|x86
		{53F77A73-AC81-4B97-94B0-AF63BC98D344}.Ad-Hoc|Any CPU.Build.0 = Release|x86
		{53F77A73-AC81-4B97-94B0-AF63BC98D344}.Ad-Hoc|Any CPU.Deploy.0 = Release|x86
		{53F77A73-AC81-4B97-94B0-AF63BC98D344}.Ad-Hoc|ARM.ActiveCfg = Release|ARM
		{53F77A73-AC81-4B97-94B0-AF63BC98D344}.Ad-Hoc|ARM.Build.0 = Release|ARM
		{53F77A73-AC81-4B97-94B0-AF63BC98D344}.Ad-Hoc|ARM.Deploy.0 = Release|ARM
		{53F77A73-AC81-4B97-94B0-AF63BC98D344}.Ad-Hoc|iPhone.ActiveCfg = Release|x86
		{53F77A73-AC81-4B97-94B0-AF63BC98D344}.Ad-Hoc|iPhone.Build.0 = Release|x86
		{53F77A73-AC81-4B97-94B0-AF63BC98D344}.Ad-Hoc|iPhone.Deploy.0 = Release|x86
		{53F77A73-AC81-4B97-94B0-AF63BC98D344}.Ad-Hoc|iPhoneSimulator.ActiveCfg = Release|x86
		{53F77A73-AC81-4B97-94B0-AF63BC98D344}.Ad-Hoc|iPhoneSimulator.Build.0 = Release|x86
		{53F77A73-AC81-4B97-94B0-AF63BC98D344}.Ad-Hoc|iPhoneSimulator.Deploy.0 = Release|x86
		{53F77A73-AC81-4B97-94B0-AF63BC98D344}.Ad-Hoc|x64.ActiveCfg = Release|x64
		{53F77A73-AC81-4B97-94B0-AF63BC98D344}.Ad-Hoc|x64.Build.0 = Release|x64
		{53F77A73-AC81-4B97-94B0-AF63BC98D344}.Ad-Hoc|x64.Deploy.0 = Release|x64
		{53F77A73-AC81-4B97-94B0-AF63BC98D344}.Ad-Hoc|x86.ActiveCfg = Release|x86
		{53F77A73-AC81-4B97-94B0-AF63BC98D344}.Ad-Hoc|x86.Build.0 = Release|x86
		{53F77A73-AC81-4B97-94B0-AF63BC98D344}.Ad-Hoc|x86.Deploy.0 = Release|x86
		{53F77A73-AC81-4B97-94B0-AF63BC98D344}.AppStore|Any CPU.ActiveCfg = Release|x86
		{53F77A73-AC81-4B97-94B0-AF63BC98D344}.AppStore|Any CPU.Build.0 = Release|x86
		{53F77A73-AC81-4B97-94B0-AF63BC98D344}.AppStore|Any CPU.Deploy.0 = Release|x86
		{53F77A73-AC81-4B97-94B0-AF63BC98D344}.AppStore|ARM.ActiveCfg = Release|ARM
		{53F77A73-AC81-4B97-94B0-AF63BC98D344}.AppStore|ARM.Build.0 = Release|ARM
		{53F77A73-AC81-4B97-94B0-AF63BC98D344}.AppStore|ARM.Deploy.0 = Release|ARM
		{53F77A73-AC81-4B97-94B0-AF63BC98D344}.AppStore|iPhone.ActiveCfg = Release|x86
		{53F77A73-AC81-4B97-94B0-AF63BC98D344}.AppStore|iPhone.Build.0 = Release|x86
		{53F77A73-AC81-4B97-94B0-AF63BC98D344}.AppStore|iPhone.Deploy.0 = Release|x86
		{53F77A73-AC81-4B97-94B0-AF63BC98D344}.AppStore|iPhoneSimulator.ActiveCfg = Release|x86
		{53F77A73-AC81-4B97-94B0-AF63BC98D344}.AppStore|iPhoneSimulator.Build.0 = Release|x86
		{53F77A73-AC81-4B97-94B0-AF63BC98D344}.AppStore|iPhoneSimulator.Deploy.0 = Release|x86
		{53F77A73-AC81-4B97-94B0-AF63BC98D344}.AppStore|x64.ActiveCfg = Release|x64
		{53F77A73-AC81-4B97-94B0-AF63BC98D344}.AppStore|x64.Build.0 = Release|x64
		{53F77A73-AC81-4B97-94B0-AF63BC98D344}.AppStore|x64.Deploy.0 = Release|x64
		{53F77A73-AC81-4B97-94B0-AF63BC98D344}.AppStore|x86.ActiveCfg = Release|x86
		{53F77A73-AC81-4B97-94B0-AF63BC98D344}.AppStore|x86.Build.0 = Release|x86
		{53F77A73-AC81-4B97-94B0-AF63BC98D344}.AppStore|x86.Deploy.0 = Release|x86
		{53F77A73-AC81-4B97-94B0-AF63BC98D344}.Debug|Any CPU.ActiveCfg = Debug|x86
		{53F77A73-AC81-4B97-94B0-AF63BC98D344}.Debug|ARM.ActiveCfg = Debug|ARM
		{53F77A73-AC81-4B97-94B0-AF63BC98D344}.Debug|ARM.Build.0 = Debug|ARM
		{53F77A73-AC81-4B97-94B0-AF63BC98D344}.Debug|ARM.Deploy.0 = Debug|ARM
		{53F77A73-AC81-4B97-94B0-AF63BC98D344}.Debug|iPhone.ActiveCfg = Debug|x86
		{53F77A73-AC81-4B97-94B0-AF63BC98D344}.Debug|iPhoneSimulator.ActiveCfg = Debug|x86
		{53F77A73-AC81-4B97-94B0-AF63BC98D344}.Debug|x64.ActiveCfg = Debug|x64
		{53F77A73-AC81-4B97-94B0-AF63BC98D344}.Debug|x64.Build.0 = Debug|x64
		{53F77A73-AC81-4B97-94B0-AF63BC98D344}.Debug|x64.Deploy.0 = Debug|x64
		{53F77A73-AC81-4B97-94B0-AF63BC98D344}.Debug|x86.ActiveCfg = Debug|x86
		{53F77A73-AC81-4B97-94B0-AF63BC98D344}.Debug|x86.Build.0 = Debug|x86
		{53F77A73-AC81-4B97-94B0-AF63BC98D344}.Debug|x86.Deploy.0 = Debug|x86
		{53F77A73-AC81-4B97-94B0-AF63BC98D344}.Release|Any CPU.ActiveCfg = Release|x86
		{53F77A73-AC81-4B97-94B0-AF63BC98D344}.Release|ARM.ActiveCfg = Release|ARM
		{53F77A73-AC81-4B97-94B0-AF63BC98D344}.Release|ARM.Build.0 = Release|ARM
		{53F77A73-AC81-4B97-94B0-AF63BC98D344}.Release|ARM.Deploy.0 = Release|ARM
		{53F77A73-AC81-4B97-94B0-AF63BC98D344}.Release|iPhone.ActiveCfg = Release|x86
		{53F77A73-AC81-4B97-94B0-AF63BC98D344}.Release|iPhoneSimulator.ActiveCfg = Release|x86
		{53F77A73-AC81-4B97-94B0-AF63BC98D344}.Release|x64.ActiveCfg = Release|x64
		{53F77A73-AC81-4B97-94B0-AF63BC98D344}.Release|x64.Build.0 = Release|x64
		{53F77A73-AC81-4B97-94B0-AF63BC98D344}.Release|x64.Deploy.0 = Release|x64
		{53F77A73-AC81-4B97-94B0-AF63BC98D344}.Release|x86.ActiveCfg = Release|x86
		{53F77A73-AC81-4B97-94B0-AF63BC98D344}.Release|x86.Build.0 = Release|x86
		{53F77A73-AC81-4B97-94B0-AF63BC98D344}.Release|x86.Deploy.0 = Release|x86
		{24A76630-E77A-4540-AAF7-D202DEC2B3B7}.Ad-Hoc|Any CPU.ActiveCfg = Ad-Hoc|iPhoneSimulator
		{24A76630-E77A-4540-AAF7-D202DEC2B3B7}.Ad-Hoc|ARM.ActiveCfg = Ad-Hoc|iPhone
		{24A76630-E77A-4540-AAF7-D202DEC2B3B7}.Ad-Hoc|iPhone.ActiveCfg = Ad-Hoc|iPhone
		{24A76630-E77A-4540-AAF7-D202DEC2B3B7}.Ad-Hoc|iPhone.Build.0 = Ad-Hoc|iPhone
		{24A76630-E77A-4540-AAF7-D202DEC2B3B7}.Ad-Hoc|iPhoneSimulator.ActiveCfg = Ad-Hoc|iPhoneSimulator
		{24A76630-E77A-4540-AAF7-D202DEC2B3B7}.Ad-Hoc|iPhoneSimulator.Build.0 = Ad-Hoc|iPhoneSimulator
		{24A76630-E77A-4540-AAF7-D202DEC2B3B7}.Ad-Hoc|x64.ActiveCfg = Ad-Hoc|iPhone
		{24A76630-E77A-4540-AAF7-D202DEC2B3B7}.Ad-Hoc|x86.ActiveCfg = Ad-Hoc|iPhone
		{24A76630-E77A-4540-AAF7-D202DEC2B3B7}.AppStore|Any CPU.ActiveCfg = AppStore|iPhoneSimulator
		{24A76630-E77A-4540-AAF7-D202DEC2B3B7}.AppStore|ARM.ActiveCfg = AppStore|iPhone
		{24A76630-E77A-4540-AAF7-D202DEC2B3B7}.AppStore|iPhone.ActiveCfg = AppStore|iPhone
		{24A76630-E77A-4540-AAF7-D202DEC2B3B7}.AppStore|iPhone.Build.0 = AppStore|iPhone
		{24A76630-E77A-4540-AAF7-D202DEC2B3B7}.AppStore|iPhoneSimulator.ActiveCfg = AppStore|iPhoneSimulator
		{24A76630-E77A-4540-AAF7-D202DEC2B3B7}.AppStore|iPhoneSimulator.Build.0 = AppStore|iPhoneSimulator
		{24A76630-E77A-4540-AAF7-D202DEC2B3B7}.AppStore|x64.ActiveCfg = AppStore|iPhone
		{24A76630-E77A-4540-AAF7-D202DEC2B3B7}.AppStore|x86.ActiveCfg = AppStore|iPhone
		{24A76630-E77A-4540-AAF7-D202DEC2B3B7}.Debug|Any CPU.ActiveCfg = Debug|iPhoneSimulator
		{24A76630-E77A-4540-AAF7-D202DEC2B3B7}.Debug|ARM.ActiveCfg = Debug|iPhone
		{24A76630-E77A-4540-AAF7-D202DEC2B3B7}.Debug|iPhone.ActiveCfg = Debug|iPhone
		{24A76630-E77A-4540-AAF7-D202DEC2B3B7}.Debug|iPhone.Build.0 = Debug|iPhone
		{24A76630-E77A-4540-AAF7-D202DEC2B3B7}.Debug|iPhoneSimulator.ActiveCfg = Debug|iPhoneSimulator
		{24A76630-E77A-4540-AAF7-D202DEC2B3B7}.Debug|iPhoneSimulator.Build.0 = Debug|iPhoneSimulator
		{24A76630-E77A-4540-AAF7-D202DEC2B3B7}.Debug|x64.ActiveCfg = Debug|iPhone
		{24A76630-E77A-4540-AAF7-D202DEC2B3B7}.Debug|x86.ActiveCfg = Debug|iPhone
		{24A76630-E77A-4540-AAF7-D202DEC2B3B7}.Release|Any CPU.ActiveCfg = Release|iPhoneSimulator
		{24A76630-E77A-4540-AAF7-D202DEC2B3B7}.Release|ARM.ActiveCfg = Release|iPhone
		{24A76630-E77A-4540-AAF7-D202DEC2B3B7}.Release|iPhone.ActiveCfg = Release|iPhone
		{24A76630-E77A-4540-AAF7-D202DEC2B3B7}.Release|iPhone.Build.0 = Release|iPhone
		{24A76630-E77A-4540-AAF7-D202DEC2B3B7}.Release|iPhoneSimulator.ActiveCfg = Release|iPhoneSimulator
		{24A76630-E77A-4540-AAF7-D202DEC2B3B7}.Release|iPhoneSimulator.Build.0 = Release|iPhoneSimulator
		{24A76630-E77A-4540-AAF7-D202DEC2B3B7}.Release|x64.ActiveCfg = Release|iPhone
		{24A76630-E77A-4540-AAF7-D202DEC2B3B7}.Release|x86.ActiveCfg = Release|iPhone
	EndGlobalSection
	GlobalSection(SolutionProperties) = preSolution
		HideSolutionNode = FALSE
	EndGlobalSection
	GlobalSection(ExtensibilityGlobals) = postSolution
		SolutionGuid = {6A3BE313-11F5-4CF9-A978-5BF9856B8958}
	EndGlobalSection
EndGlobal
